{
  "pins" : [
    {
      "identity" : "jjliso8601dateformatter",
      "kind" : "remoteSourceControl",
      "location" : "https://github.com/michaeleisel/JJLISO8601DateFormatter.git",
      "state" : {
        "revision" : "de422afd9a47b72703c30a81423c478337191390",
        "version" : "0.1.6"
      }
    },
    {
      "identity" : "yyjson",
      "kind" : "remoteSourceControl",
      "location" : "https://github.com/ibireme/yyjson.git",
      "state" : {
        "revision" : "09ccaa449e01879e23f68d8be165e78e65334443",
        "version" : "0.7.0"
      }
    }
  ],
  "version" : 2
}
