{
  "pins" : [
    {
      "identity" : "jjliso8601dateformatter",
      "kind" : "remoteSourceControl",
      "location" : "https://github.com/michaeleisel/JJLISO8601DateFormatter.git",
      "state" : {
        "revision" : "741a9e45db01148a8ac60c5e12f7c978181a22d3",
        "version" : "0.1.8"
      }
    },
    {
      "identity" : "yyjson",
      "kind" : "remoteSourceControl",
      "location" : "https://github.com/ibireme/yyjson.git",
      "state" : {
        "revision" : "b21c02904188add942d3c7cd4885422e4335f115",
        "version" : "0.9.0"
      }
    }
  ],
  "version" : 2
}
